
Microsoft Visual Studio Solution File, Format Version 12.00
# Visual Studio 15
VisualStudioVersion = 15.0.27428.2037
MinimumVisualStudioVersion = 10.0.40219.1
Project("{FAE04EC0-301F-11D3-BF4B-00C04F79EFBC}") = "Lab_4_1(spline)", "Lab_4_1(spline)\Lab_4_1(spline).csproj", "{0ED1974C-FCF2-4C8F-99A7-C62EBDC83031}"
EndProject
Global
	GlobalSection(SolutionConfigurationPlatforms) = preSolution
		Debug|Any CPU = Debug|Any CPU
		Release|Any CPU = Release|Any CPU
	EndGlobalSection
	GlobalSection(ProjectConfigurationPlatforms) = postSolution
		{0ED1974C-FCF2-4C8F-99A7-C62EBDC83031}.Debug|Any CPU.ActiveCfg = Debug|Any CPU
		{0ED1974C-FCF2-4C8F-99A7-C62EBDC83031}.Debug|Any CPU.Build.0 = Debug|Any CPU
		{0ED1974C-FCF2-4C8F-99A7-C62EBDC83031}.Release|Any CPU.ActiveCfg = Release|Any CPU
		{0ED1974C-FCF2-4C8F-99A7-C62EBDC83031}.Release|Any CPU.Build.0 = Release|Any CPU
	EndGlobalSection
	GlobalSection(SolutionProperties) = preSolution
		HideSolutionNode = FALSE
	EndGlobalSection
	GlobalSection(ExtensibilityGlobals) = postSolution
		SolutionGuid = {76D907F6-CADE-4D98-9512-06988BF050BB}
	EndGlobalSection
EndGlobal
